
Microsoft Visual Studio Solution File, Format Version 12.00
# Visual Studio 15
VisualStudioVersion = 15.0.28307.757
MinimumVisualStudioVersion = 10.0.40219.1
Project("{FAE04EC0-301F-11D3-BF4B-00C04F79EFBC}") = "Task7_8", "Task7_8\Task7_8.csproj", "{F053DB80-5A4B-4AB9-8629-2A4BA70DB9AB}"
EndProject
Global
	GlobalSection(SolutionConfigurationPlatforms) = preSolution
		Debug|Any CPU = Debug|Any CPU
		Release|Any CPU = Release|Any CPU
	EndGlobalSection
	GlobalSection(ProjectConfigurationPlatforms) = postSolution
		{F053DB80-5A4B-4AB9-8629-2A4BA70DB9AB}.Debug|Any CPU.ActiveCfg = Debug|Any CPU
		{F053DB80-5A4B-4AB9-8629-2A4BA70DB9AB}.Debug|Any CPU.Build.0 = Debug|Any CPU
		{F053DB80-5A4B-4AB9-8629-2A4BA70DB9AB}.Release|Any CPU.ActiveCfg = Release|Any CPU
		{F053DB80-5A4B-4AB9-8629-2A4BA70DB9AB}.Release|Any CPU.Build.0 = Release|Any CPU
	EndGlobalSection
	GlobalSection(SolutionProperties) = preSolution
		HideSolutionNode = FALSE
	EndGlobalSection
	GlobalSection(ExtensibilityGlobals) = postSolution
		SolutionGuid = {9C7A66C9-F947-442A-80F8-B368299E991D}
	EndGlobalSection
EndGlobal
