
Microsoft Visual Studio Solution File, Format Version 12.00
# Visual Studio Version 16
VisualStudioVersion = 16.0.29215.179
MinimumVisualStudioVersion = 10.0.40219.1
Project("{FAE04EC0-301F-11D3-BF4B-00C04F79EFBC}") = "Task6", "Task6.csproj", "{A724DBA0-2F37-41C8-ACD6-2E060B7E93C4}"
EndProject
Global
	GlobalSection(SolutionConfigurationPlatforms) = preSolution
		Debug|Any CPU = Debug|Any CPU
		Release|Any CPU = Release|Any CPU
	EndGlobalSection
	GlobalSection(ProjectConfigurationPlatforms) = postSolution
		{A724DBA0-2F37-41C8-ACD6-2E060B7E93C4}.Debug|Any CPU.ActiveCfg = Debug|Any CPU
		{A724DBA0-2F37-41C8-ACD6-2E060B7E93C4}.Debug|Any CPU.Build.0 = Debug|Any CPU
		{A724DBA0-2F37-41C8-ACD6-2E060B7E93C4}.Release|Any CPU.ActiveCfg = Release|Any CPU
		{A724DBA0-2F37-41C8-ACD6-2E060B7E93C4}.Release|Any CPU.Build.0 = Release|Any CPU
	EndGlobalSection
	GlobalSection(SolutionProperties) = preSolution
		HideSolutionNode = FALSE
	EndGlobalSection
	GlobalSection(ExtensibilityGlobals) = postSolution
		SolutionGuid = {C8C8B5F7-D80E-44B8-8B97-58FB47A624D6}
	EndGlobalSection
EndGlobal
